
Microsoft Visual Studio Solution File, Format Version 12.00
# Visual Studio Version 17
VisualStudioVersion = 17.2.32616.157
MinimumVisualStudioVersion = 10.0.40219.1
Project("{FAE04EC0-301F-11D3-BF4B-00C04F79EFBC}") = "LeaveManagementWeb", "LeaveManagementWeb\LeaveManagementWeb.csproj", "{C480F6FD-8059-4ADA-B048-BBAFC7EB5F71}"
EndProject
Global
	GlobalSection(SolutionConfigurationPlatforms) = preSolution
		Debug|Any CPU = Debug|Any CPU
		Release|Any CPU = Release|Any CPU
	EndGlobalSection
	GlobalSection(ProjectConfigurationPlatforms) = postSolution
		{C480F6FD-8059-4ADA-B048-BBAFC7EB5F71}.Debug|Any CPU.ActiveCfg = Debug|Any CPU
		{C480F6FD-8059-4ADA-B048-BBAFC7EB5F71}.Debug|Any CPU.Build.0 = Debug|Any CPU
		{C480F6FD-8059-4ADA-B048-BBAFC7EB5F71}.Release|Any CPU.ActiveCfg = Release|Any CPU
		{C480F6FD-8059-4ADA-B048-BBAFC7EB5F71}.Release|Any CPU.Build.0 = Release|Any CPU
	EndGlobalSection
	GlobalSection(SolutionProperties) = preSolution
		HideSolutionNode = FALSE
	EndGlobalSection
	GlobalSection(ExtensibilityGlobals) = postSolution
		SolutionGuid = {EC0F3E00-D31E-438A-8DF2-7D2426F0B24B}
	EndGlobalSection
EndGlobal
